
Microsoft Visual Studio Solution File, Format Version 12.00
# Visual Studio Version 18
VisualStudioVersion = 18.4.11626.88 stable
MinimumVisualStudioVersion = 10.0.40219.1
Project("{FAE04EC0-301F-11D3-BF4B-00C04F79EFBC}") = "InventoryManagementSystem", "InventoryManagementSystem\InventoryManagementSystem.csproj", "{F963414C-AC7A-4DB9-9EBA-29AFA2248B71}"
EndProject
Global
	GlobalSection(SolutionConfigurationPlatforms) = preSolution
		Debug|Any CPU = Debug|Any CPU
		Release|Any CPU = Release|Any CPU
	EndGlobalSection
	GlobalSection(ProjectConfigurationPlatforms) = postSolution
		{F963414C-AC7A-4DB9-9EBA-29AFA2248B71}.Debug|Any CPU.ActiveCfg = Release|Any CPU
		{F963414C-AC7A-4DB9-9EBA-29AFA2248B71}.Debug|Any CPU.Build.0 = Release|Any CPU
		{F963414C-AC7A-4DB9-9EBA-29AFA2248B71}.Release|Any CPU.ActiveCfg = Release|Any CPU
		{F963414C-AC7A-4DB9-9EBA-29AFA2248B71}.Release|Any CPU.Build.0 = Release|Any CPU
	EndGlobalSection
	GlobalSection(SolutionProperties) = preSolution
		HideSolutionNode = FALSE
	EndGlobalSection
	GlobalSection(ExtensibilityGlobals) = postSolution
		SolutionGuid = {BA550288-D9E5-4465-9E19-ED7B727BE2C4}
	EndGlobalSection
EndGlobal
